
Microsoft Visual Studio Solution File, Format Version 12.00
# Visual Studio Version 17
VisualStudioVersion = 17.12.35527.113 d17.12
MinimumVisualStudioVersion = 10.0.40219.1
Project("{FAE04EC0-301F-11D3-BF4B-00C04F79EFBC}") = "POC_GeoCoordinate", "POC_GeoCoordinate.csproj", "{A8D095D5-6952-477E-B8AC-7A8B487D9DA9}"
EndProject
Project("{FAE04EC0-301F-11D3-BF4B-00C04F79EFBC}") = "GeoCoordinateStuff", "..\GeoCoordinateStuff\GeoCoordinateStuff.csproj", "{B9E0B471-748E-477E-A0B7-CC019BC1528A}"
EndProject
Global
	GlobalSection(SolutionConfigurationPlatforms) = preSolution
		Debug|Any CPU = Debug|Any CPU
		Release|Any CPU = Release|Any CPU
	EndGlobalSection
	GlobalSection(ProjectConfigurationPlatforms) = postSolution
		{A8D095D5-6952-477E-B8AC-7A8B487D9DA9}.Debug|Any CPU.ActiveCfg = Debug|Any CPU
		{A8D095D5-6952-477E-B8AC-7A8B487D9DA9}.Debug|Any CPU.Build.0 = Debug|Any CPU
		{A8D095D5-6952-477E-B8AC-7A8B487D9DA9}.Release|Any CPU.ActiveCfg = Release|Any CPU
		{A8D095D5-6952-477E-B8AC-7A8B487D9DA9}.Release|Any CPU.Build.0 = Release|Any CPU
		{B9E0B471-748E-477E-A0B7-CC019BC1528A}.Debug|Any CPU.ActiveCfg = Debug|Any CPU
		{B9E0B471-748E-477E-A0B7-CC019BC1528A}.Debug|Any CPU.Build.0 = Debug|Any CPU
		{B9E0B471-748E-477E-A0B7-CC019BC1528A}.Release|Any CPU.ActiveCfg = Release|Any CPU
		{B9E0B471-748E-477E-A0B7-CC019BC1528A}.Release|Any CPU.Build.0 = Release|Any CPU
	EndGlobalSection
	GlobalSection(SolutionProperties) = preSolution
		HideSolutionNode = FALSE
	EndGlobalSection
EndGlobal
